
Microsoft Visual Studio Solution File, Format Version 12.00
# Visual Studio Version 17
VisualStudioVersion = 17.5.33516.290
MinimumVisualStudioVersion = 10.0.40219.1
Project("{FAE04EC0-301F-11D3-BF4B-00C04F79EFBC}") = "WinReport", "WinReport\WinReport.csproj", "{8DC37053-6925-4EDE-BFB7-539AA117520A}"
EndProject
Global
	GlobalSection(SolutionConfigurationPlatforms) = preSolution
		Debug|Any CPU = Debug|Any CPU
		Release|Any CPU = Release|Any CPU
	EndGlobalSection
	GlobalSection(ProjectConfigurationPlatforms) = postSolution
		{8DC37053-6925-4EDE-BFB7-539AA117520A}.Debug|Any CPU.ActiveCfg = Debug|Any CPU
		{8DC37053-6925-4EDE-BFB7-539AA117520A}.Debug|Any CPU.Build.0 = Debug|Any CPU
		{8DC37053-6925-4EDE-BFB7-539AA117520A}.Release|Any CPU.ActiveCfg = Release|Any CPU
		{8DC37053-6925-4EDE-BFB7-539AA117520A}.Release|Any CPU.Build.0 = Release|Any CPU
	EndGlobalSection
	GlobalSection(SolutionProperties) = preSolution
		HideSolutionNode = FALSE
	EndGlobalSection
	GlobalSection(ExtensibilityGlobals) = postSolution
		SolutionGuid = {D4253E6A-8712-4E52-A517-60F519A2923E}
	EndGlobalSection
EndGlobal
